
Microsoft Visual Studio Solution File, Format Version 12.00
# Visual Studio Version 17
VisualStudioVersion = 17.2.32630.192
MinimumVisualStudioVersion = 10.0.40219.1
Project("{8BC9CEB8-8B4A-11D0-8D11-00A0C91BC942}") = "shadercompiler", "shadercompiler\shadercompiler.vcxproj", "{F26D760E-EBB9-4AD9-BA11-A313A23EFB9B}"
EndProject
Project("{8BC9CEB8-8B4A-11D0-8D11-00A0C91BC942}") = "corrosion", "corrosion\corrosion.vcxproj", "{C4AEC280-1B24-4DB7-9999-39DDC89A6077}"
	ProjectSection(ProjectDependencies) = postProject
		{44ACD91D-FCA7-4CE8-B314-C1A9EFB39B83} = {44ACD91D-FCA7-4CE8-B314-C1A9EFB39B83}
		{7D36D148-5E46-4960-97EE-E61E0ABA3634} = {7D36D148-5E46-4960-97EE-E61E0ABA3634}
	EndProjectSection
EndProject
Project("{8BC9CEB8-8B4A-11D0-8D11-00A0C91BC942}") = "sbox", "sbox\sbox.vcxproj", "{D6B2A7F1-2D76-46E4-9D3A-AE4DE34C06D4}"
	ProjectSection(ProjectDependencies) = postProject
		{E747721B-012B-4CAD-B475-715CD8B5C358} = {E747721B-012B-4CAD-B475-715CD8B5C358}
	EndProjectSection
EndProject
Project("{8BC9CEB8-8B4A-11D0-8D11-00A0C91BC942}") = "birbuilder", "birbuilder\birbuilder.vcxproj", "{7D36D148-5E46-4960-97EE-E61E0ABA3634}"
EndProject
Project("{8BC9CEB8-8B4A-11D0-8D11-00A0C91BC942}") = "corrosion_shaders", "corrosion_shaders\corrosion_shaders.vcxproj", "{44ACD91D-FCA7-4CE8-B314-C1A9EFB39B83}"
EndProject
Project("{8BC9CEB8-8B4A-11D0-8D11-00A0C91BC942}") = "sbox_shaders", "sbox_shaders\sbox_shaders.vcxproj", "{E747721B-012B-4CAD-B475-715CD8B5C358}"
EndProject
Project("{8BC9CEB8-8B4A-11D0-8D11-00A0C91BC942}") = "3d", "demos\3d\3d.vcxproj", "{C766B758-6ADB-49C0-A13A-A374E26274E8}"
	ProjectSection(ProjectDependencies) = postProject
		{AF4766D8-1E32-4088-8F38-5CA2B4449364} = {AF4766D8-1E32-4088-8F38-5CA2B4449364}
	EndProjectSection
EndProject
Project("{8BC9CEB8-8B4A-11D0-8D11-00A0C91BC942}") = "3d_shaders", "demos\3d_shaders\3d_shaders.vcxproj", "{AF4766D8-1E32-4088-8F38-5CA2B4449364}"
EndProject
Project("{2150E333-8FDC-42A3-9474-1A3956D46DE8}") = "demos", "demos", "{9E6AEE40-28AB-4291-899F-A40CC395B6BD}"
EndProject
Project("{8BC9CEB8-8B4A-11D0-8D11-00A0C91BC942}") = "particles_shaders", "demos\particles_shaders\particles_shaders.vcxproj", "{F2DD992A-BA4E-4C12-94FC-7E6A961695E9}"
EndProject
Project("{8BC9CEB8-8B4A-11D0-8D11-00A0C91BC942}") = "particles", "demos\particles\particles.vcxproj", "{1753C8D7-BD02-4455-8929-6F27640E45F7}"
	ProjectSection(ProjectDependencies) = postProject
		{F2DD992A-BA4E-4C12-94FC-7E6A961695E9} = {F2DD992A-BA4E-4C12-94FC-7E6A961695E9}
	EndProjectSection
EndProject
Project("{8BC9CEB8-8B4A-11D0-8D11-00A0C91BC942}") = "blur_shaders", "demos\blur_shaders\blur_shaders.vcxproj", "{3CFF0225-B3B1-4237-A3C6-4D3597DF217C}"
EndProject
Project("{8BC9CEB8-8B4A-11D0-8D11-00A0C91BC942}") = "sand", "demos\sand\sand.vcxproj", "{B6125ECF-B059-479E-9302-2753A7851F1A}"
	ProjectSection(ProjectDependencies) = postProject
		{74780340-CCD8-436C-9B2D-DB704645DE97} = {74780340-CCD8-436C-9B2D-DB704645DE97}
	EndProjectSection
EndProject
Project("{8BC9CEB8-8B4A-11D0-8D11-00A0C91BC942}") = "sand_shaders", "demos\sand_shaders\sand_shaders.vcxproj", "{74780340-CCD8-436C-9B2D-DB704645DE97}"
EndProject
Project("{8BC9CEB8-8B4A-11D0-8D11-00A0C91BC942}") = "blur", "demos\blur\blur.vcxproj", "{48C327D5-73C5-45D1-8E12-F91E2C75D189}"
	ProjectSection(ProjectDependencies) = postProject
		{3CFF0225-B3B1-4237-A3C6-4D3597DF217C} = {3CFF0225-B3B1-4237-A3C6-4D3597DF217C}
	EndProjectSection
EndProject
Project("{8BC9CEB8-8B4A-11D0-8D11-00A0C91BC942}") = "voxel", "demos\voxel\voxel.vcxproj", "{9BA2DA97-63AC-43E9-BAA8-7119E9116EAE}"
	ProjectSection(ProjectDependencies) = postProject
		{E6CE1A38-F6DC-49D0-86C4-5151F81807E4} = {E6CE1A38-F6DC-49D0-86C4-5151F81807E4}
	EndProjectSection
EndProject
Project("{8BC9CEB8-8B4A-11D0-8D11-00A0C91BC942}") = "voxel_shaders", "demos\voxel_shaders\voxel_shaders.vcxproj", "{E6CE1A38-F6DC-49D0-86C4-5151F81807E4}"
EndProject
Project("{8BC9CEB8-8B4A-11D0-8D11-00A0C91BC942}") = "install", "install\install.vcxproj", "{D016FBD7-ADA6-4ABC-87C5-2B2541F9DCEE}"
	ProjectSection(ProjectDependencies) = postProject
		{C4AEC280-1B24-4DB7-9999-39DDC89A6077} = {C4AEC280-1B24-4DB7-9999-39DDC89A6077}
		{F26D760E-EBB9-4AD9-BA11-A313A23EFB9B} = {F26D760E-EBB9-4AD9-BA11-A313A23EFB9B}
	EndProjectSection
EndProject
Project("{8BC9CEB8-8B4A-11D0-8D11-00A0C91BC942}") = "volume", "demos\volume\volume.vcxproj", "{0C103574-71C8-4A93-83B9-4B1A0BCC8D86}"
	ProjectSection(ProjectDependencies) = postProject
		{92DAB560-86BA-4036-999A-0A19B23B6294} = {92DAB560-86BA-4036-999A-0A19B23B6294}
	EndProjectSection
EndProject
Project("{8BC9CEB8-8B4A-11D0-8D11-00A0C91BC942}") = "volume_shaders", "demos\volume_shaders\volume_shaders.vcxproj", "{92DAB560-86BA-4036-999A-0A19B23B6294}"
EndProject
Project("{8BC9CEB8-8B4A-11D0-8D11-00A0C91BC942}") = "ui", "demos\ui\ui.vcxproj", "{ADC7211E-3D8A-42CE-B07A-7F5310C1AC55}"
EndProject
Global
	GlobalSection(SolutionConfigurationPlatforms) = preSolution
		Debug|x64 = Debug|x64
		Debug|x86 = Debug|x86
		Release|x64 = Release|x64
		Release|x86 = Release|x86
	EndGlobalSection
	GlobalSection(ProjectConfigurationPlatforms) = postSolution
		{F26D760E-EBB9-4AD9-BA11-A313A23EFB9B}.Debug|x64.ActiveCfg = Debug|x64
		{F26D760E-EBB9-4AD9-BA11-A313A23EFB9B}.Debug|x64.Build.0 = Debug|x64
		{F26D760E-EBB9-4AD9-BA11-A313A23EFB9B}.Debug|x86.ActiveCfg = Debug|Win32
		{F26D760E-EBB9-4AD9-BA11-A313A23EFB9B}.Debug|x86.Build.0 = Debug|Win32
		{F26D760E-EBB9-4AD9-BA11-A313A23EFB9B}.Release|x64.ActiveCfg = Release|x64
		{F26D760E-EBB9-4AD9-BA11-A313A23EFB9B}.Release|x64.Build.0 = Release|x64
		{F26D760E-EBB9-4AD9-BA11-A313A23EFB9B}.Release|x86.ActiveCfg = Release|Win32
		{F26D760E-EBB9-4AD9-BA11-A313A23EFB9B}.Release|x86.Build.0 = Release|Win32
		{C4AEC280-1B24-4DB7-9999-39DDC89A6077}.Debug|x64.ActiveCfg = Debug|x64
		{C4AEC280-1B24-4DB7-9999-39DDC89A6077}.Debug|x64.Build.0 = Debug|x64
		{C4AEC280-1B24-4DB7-9999-39DDC89A6077}.Debug|x86.ActiveCfg = Debug|Win32
		{C4AEC280-1B24-4DB7-9999-39DDC89A6077}.Debug|x86.Build.0 = Debug|Win32
		{C4AEC280-1B24-4DB7-9999-39DDC89A6077}.Release|x64.ActiveCfg = Release|x64
		{C4AEC280-1B24-4DB7-9999-39DDC89A6077}.Release|x64.Build.0 = Release|x64
		{C4AEC280-1B24-4DB7-9999-39DDC89A6077}.Release|x86.ActiveCfg = Release|Win32
		{C4AEC280-1B24-4DB7-9999-39DDC89A6077}.Release|x86.Build.0 = Release|Win32
		{D6B2A7F1-2D76-46E4-9D3A-AE4DE34C06D4}.Debug|x64.ActiveCfg = Debug|x64
		{D6B2A7F1-2D76-46E4-9D3A-AE4DE34C06D4}.Debug|x64.Build.0 = Debug|x64
		{D6B2A7F1-2D76-46E4-9D3A-AE4DE34C06D4}.Debug|x86.ActiveCfg = Debug|Win32
		{D6B2A7F1-2D76-46E4-9D3A-AE4DE34C06D4}.Debug|x86.Build.0 = Debug|Win32
		{D6B2A7F1-2D76-46E4-9D3A-AE4DE34C06D4}.Release|x64.ActiveCfg = Release|x64
		{D6B2A7F1-2D76-46E4-9D3A-AE4DE34C06D4}.Release|x64.Build.0 = Release|x64
		{D6B2A7F1-2D76-46E4-9D3A-AE4DE34C06D4}.Release|x86.ActiveCfg = Release|Win32
		{D6B2A7F1-2D76-46E4-9D3A-AE4DE34C06D4}.Release|x86.Build.0 = Release|Win32
		{7D36D148-5E46-4960-97EE-E61E0ABA3634}.Debug|x64.ActiveCfg = Debug|x64
		{7D36D148-5E46-4960-97EE-E61E0ABA3634}.Debug|x64.Build.0 = Debug|x64
		{7D36D148-5E46-4960-97EE-E61E0ABA3634}.Debug|x86.ActiveCfg = Debug|Win32
		{7D36D148-5E46-4960-97EE-E61E0ABA3634}.Debug|x86.Build.0 = Debug|Win32
		{7D36D148-5E46-4960-97EE-E61E0ABA3634}.Release|x64.ActiveCfg = Release|x64
		{7D36D148-5E46-4960-97EE-E61E0ABA3634}.Release|x64.Build.0 = Release|x64
		{7D36D148-5E46-4960-97EE-E61E0ABA3634}.Release|x86.ActiveCfg = Release|Win32
		{7D36D148-5E46-4960-97EE-E61E0ABA3634}.Release|x86.Build.0 = Release|Win32
		{44ACD91D-FCA7-4CE8-B314-C1A9EFB39B83}.Debug|x64.ActiveCfg = Debug|x64
		{44ACD91D-FCA7-4CE8-B314-C1A9EFB39B83}.Debug|x64.Build.0 = Debug|x64
		{44ACD91D-FCA7-4CE8-B314-C1A9EFB39B83}.Debug|x86.ActiveCfg = Debug|Win32
		{44ACD91D-FCA7-4CE8-B314-C1A9EFB39B83}.Debug|x86.Build.0 = Debug|Win32
		{44ACD91D-FCA7-4CE8-B314-C1A9EFB39B83}.Release|x64.ActiveCfg = Release|x64
		{44ACD91D-FCA7-4CE8-B314-C1A9EFB39B83}.Release|x64.Build.0 = Release|x64
		{44ACD91D-FCA7-4CE8-B314-C1A9EFB39B83}.Release|x86.ActiveCfg = Release|Win32
		{44ACD91D-FCA7-4CE8-B314-C1A9EFB39B83}.Release|x86.Build.0 = Release|Win32
		{E747721B-012B-4CAD-B475-715CD8B5C358}.Debug|x64.ActiveCfg = Debug|x64
		{E747721B-012B-4CAD-B475-715CD8B5C358}.Debug|x64.Build.0 = Debug|x64
		{E747721B-012B-4CAD-B475-715CD8B5C358}.Debug|x86.ActiveCfg = Debug|Win32
		{E747721B-012B-4CAD-B475-715CD8B5C358}.Debug|x86.Build.0 = Debug|Win32
		{E747721B-012B-4CAD-B475-715CD8B5C358}.Release|x64.ActiveCfg = Release|x64
		{E747721B-012B-4CAD-B475-715CD8B5C358}.Release|x64.Build.0 = Release|x64
		{E747721B-012B-4CAD-B475-715CD8B5C358}.Release|x86.ActiveCfg = Release|Win32
		{E747721B-012B-4CAD-B475-715CD8B5C358}.Release|x86.Build.0 = Release|Win32
		{C766B758-6ADB-49C0-A13A-A374E26274E8}.Debug|x64.ActiveCfg = Debug|x64
		{C766B758-6ADB-49C0-A13A-A374E26274E8}.Debug|x64.Build.0 = Debug|x64
		{C766B758-6ADB-49C0-A13A-A374E26274E8}.Debug|x86.ActiveCfg = Debug|Win32
		{C766B758-6ADB-49C0-A13A-A374E26274E8}.Debug|x86.Build.0 = Debug|Win32
		{C766B758-6ADB-49C0-A13A-A374E26274E8}.Release|x64.ActiveCfg = Release|x64
		{C766B758-6ADB-49C0-A13A-A374E26274E8}.Release|x64.Build.0 = Release|x64
		{C766B758-6ADB-49C0-A13A-A374E26274E8}.Release|x86.ActiveCfg = Release|Win32
		{C766B758-6ADB-49C0-A13A-A374E26274E8}.Release|x86.Build.0 = Release|Win32
		{AF4766D8-1E32-4088-8F38-5CA2B4449364}.Debug|x64.ActiveCfg = Debug|x64
		{AF4766D8-1E32-4088-8F38-5CA2B4449364}.Debug|x64.Build.0 = Debug|x64
		{AF4766D8-1E32-4088-8F38-5CA2B4449364}.Debug|x86.ActiveCfg = Debug|Win32
		{AF4766D8-1E32-4088-8F38-5CA2B4449364}.Debug|x86.Build.0 = Debug|Win32
		{AF4766D8-1E32-4088-8F38-5CA2B4449364}.Release|x64.ActiveCfg = Release|x64
		{AF4766D8-1E32-4088-8F38-5CA2B4449364}.Release|x64.Build.0 = Release|x64
		{AF4766D8-1E32-4088-8F38-5CA2B4449364}.Release|x86.ActiveCfg = Release|Win32
		{AF4766D8-1E32-4088-8F38-5CA2B4449364}.Release|x86.Build.0 = Release|Win32
		{F2DD992A-BA4E-4C12-94FC-7E6A961695E9}.Debug|x64.ActiveCfg = Debug|x64
		{F2DD992A-BA4E-4C12-94FC-7E6A961695E9}.Debug|x64.Build.0 = Debug|x64
		{F2DD992A-BA4E-4C12-94FC-7E6A961695E9}.Debug|x86.ActiveCfg = Debug|Win32
		{F2DD992A-BA4E-4C12-94FC-7E6A961695E9}.Debug|x86.Build.0 = Debug|Win32
		{F2DD992A-BA4E-4C12-94FC-7E6A961695E9}.Release|x64.ActiveCfg = Release|x64
		{F2DD992A-BA4E-4C12-94FC-7E6A961695E9}.Release|x64.Build.0 = Release|x64
		{F2DD992A-BA4E-4C12-94FC-7E6A961695E9}.Release|x86.ActiveCfg = Release|Win32
		{F2DD992A-BA4E-4C12-94FC-7E6A961695E9}.Release|x86.Build.0 = Release|Win32
		{1753C8D7-BD02-4455-8929-6F27640E45F7}.Debug|x64.ActiveCfg = Debug|x64
		{1753C8D7-BD02-4455-8929-6F27640E45F7}.Debug|x64.Build.0 = Debug|x64
		{1753C8D7-BD02-4455-8929-6F27640E45F7}.Debug|x86.ActiveCfg = Debug|Win32
		{1753C8D7-BD02-4455-8929-6F27640E45F7}.Debug|x86.Build.0 = Debug|Win32
		{1753C8D7-BD02-4455-8929-6F27640E45F7}.Release|x64.ActiveCfg = Release|x64
		{1753C8D7-BD02-4455-8929-6F27640E45F7}.Release|x64.Build.0 = Release|x64
		{1753C8D7-BD02-4455-8929-6F27640E45F7}.Release|x86.ActiveCfg = Release|Win32
		{1753C8D7-BD02-4455-8929-6F27640E45F7}.Release|x86.Build.0 = Release|Win32
		{3CFF0225-B3B1-4237-A3C6-4D3597DF217C}.Debug|x64.ActiveCfg = Debug|x64
		{3CFF0225-B3B1-4237-A3C6-4D3597DF217C}.Debug|x64.Build.0 = Debug|x64
		{3CFF0225-B3B1-4237-A3C6-4D3597DF217C}.Debug|x86.ActiveCfg = Debug|Win32
		{3CFF0225-B3B1-4237-A3C6-4D3597DF217C}.Debug|x86.Build.0 = Debug|Win32
		{3CFF0225-B3B1-4237-A3C6-4D3597DF217C}.Release|x64.ActiveCfg = Release|x64
		{3CFF0225-B3B1-4237-A3C6-4D3597DF217C}.Release|x64.Build.0 = Release|x64
		{3CFF0225-B3B1-4237-A3C6-4D3597DF217C}.Release|x86.ActiveCfg = Release|Win32
		{3CFF0225-B3B1-4237-A3C6-4D3597DF217C}.Release|x86.Build.0 = Release|Win32
		{B6125ECF-B059-479E-9302-2753A7851F1A}.Debug|x64.ActiveCfg = Debug|x64
		{B6125ECF-B059-479E-9302-2753A7851F1A}.Debug|x64.Build.0 = Debug|x64
		{B6125ECF-B059-479E-9302-2753A7851F1A}.Debug|x86.ActiveCfg = Debug|Win32
		{B6125ECF-B059-479E-9302-2753A7851F1A}.Debug|x86.Build.0 = Debug|Win32
		{B6125ECF-B059-479E-9302-2753A7851F1A}.Release|x64.ActiveCfg = Release|x64
		{B6125ECF-B059-479E-9302-2753A7851F1A}.Release|x64.Build.0 = Release|x64
		{B6125ECF-B059-479E-9302-2753A7851F1A}.Release|x86.ActiveCfg = Release|Win32
		{B6125ECF-B059-479E-9302-2753A7851F1A}.Release|x86.Build.0 = Release|Win32
		{74780340-CCD8-436C-9B2D-DB704645DE97}.Debug|x64.ActiveCfg = Debug|x64
		{74780340-CCD8-436C-9B2D-DB704645DE97}.Debug|x64.Build.0 = Debug|x64
		{74780340-CCD8-436C-9B2D-DB704645DE97}.Debug|x86.ActiveCfg = Debug|Win32
		{74780340-CCD8-436C-9B2D-DB704645DE97}.Debug|x86.Build.0 = Debug|Win32
		{74780340-CCD8-436C-9B2D-DB704645DE97}.Release|x64.ActiveCfg = Release|x64
		{74780340-CCD8-436C-9B2D-DB704645DE97}.Release|x64.Build.0 = Release|x64
		{74780340-CCD8-436C-9B2D-DB704645DE97}.Release|x86.ActiveCfg = Release|Win32
		{74780340-CCD8-436C-9B2D-DB704645DE97}.Release|x86.Build.0 = Release|Win32
		{48C327D5-73C5-45D1-8E12-F91E2C75D189}.Debug|x64.ActiveCfg = Debug|x64
		{48C327D5-73C5-45D1-8E12-F91E2C75D189}.Debug|x64.Build.0 = Debug|x64
		{48C327D5-73C5-45D1-8E12-F91E2C75D189}.Debug|x86.ActiveCfg = Debug|Win32
		{48C327D5-73C5-45D1-8E12-F91E2C75D189}.Debug|x86.Build.0 = Debug|Win32
		{48C327D5-73C5-45D1-8E12-F91E2C75D189}.Release|x64.ActiveCfg = Release|x64
		{48C327D5-73C5-45D1-8E12-F91E2C75D189}.Release|x64.Build.0 = Release|x64
		{48C327D5-73C5-45D1-8E12-F91E2C75D189}.Release|x86.ActiveCfg = Release|Win32
		{48C327D5-73C5-45D1-8E12-F91E2C75D189}.Release|x86.Build.0 = Release|Win32
		{9BA2DA97-63AC-43E9-BAA8-7119E9116EAE}.Debug|x64.ActiveCfg = Debug|x64
		{9BA2DA97-63AC-43E9-BAA8-7119E9116EAE}.Debug|x64.Build.0 = Debug|x64
		{9BA2DA97-63AC-43E9-BAA8-7119E9116EAE}.Debug|x86.ActiveCfg = Debug|Win32
		{9BA2DA97-63AC-43E9-BAA8-7119E9116EAE}.Debug|x86.Build.0 = Debug|Win32
		{9BA2DA97-63AC-43E9-BAA8-7119E9116EAE}.Release|x64.ActiveCfg = Release|x64
		{9BA2DA97-63AC-43E9-BAA8-7119E9116EAE}.Release|x64.Build.0 = Release|x64
		{9BA2DA97-63AC-43E9-BAA8-7119E9116EAE}.Release|x86.ActiveCfg = Release|Win32
		{9BA2DA97-63AC-43E9-BAA8-7119E9116EAE}.Release|x86.Build.0 = Release|Win32
		{E6CE1A38-F6DC-49D0-86C4-5151F81807E4}.Debug|x64.ActiveCfg = Debug|x64
		{E6CE1A38-F6DC-49D0-86C4-5151F81807E4}.Debug|x64.Build.0 = Debug|x64
		{E6CE1A38-F6DC-49D0-86C4-5151F81807E4}.Debug|x86.ActiveCfg = Debug|Win32
		{E6CE1A38-F6DC-49D0-86C4-5151F81807E4}.Debug|x86.Build.0 = Debug|Win32
		{E6CE1A38-F6DC-49D0-86C4-5151F81807E4}.Release|x64.ActiveCfg = Release|x64
		{E6CE1A38-F6DC-49D0-86C4-5151F81807E4}.Release|x64.Build.0 = Release|x64
		{E6CE1A38-F6DC-49D0-86C4-5151F81807E4}.Release|x86.ActiveCfg = Release|Win32
		{E6CE1A38-F6DC-49D0-86C4-5151F81807E4}.Release|x86.Build.0 = Release|Win32
		{D016FBD7-ADA6-4ABC-87C5-2B2541F9DCEE}.Debug|x64.ActiveCfg = Debug|x64
		{D016FBD7-ADA6-4ABC-87C5-2B2541F9DCEE}.Debug|x64.Build.0 = Debug|x64
		{D016FBD7-ADA6-4ABC-87C5-2B2541F9DCEE}.Debug|x86.ActiveCfg = Debug|Win32
		{D016FBD7-ADA6-4ABC-87C5-2B2541F9DCEE}.Debug|x86.Build.0 = Debug|Win32
		{D016FBD7-ADA6-4ABC-87C5-2B2541F9DCEE}.Release|x64.ActiveCfg = Release|x64
		{D016FBD7-ADA6-4ABC-87C5-2B2541F9DCEE}.Release|x64.Build.0 = Release|x64
		{D016FBD7-ADA6-4ABC-87C5-2B2541F9DCEE}.Release|x86.ActiveCfg = Release|Win32
		{D016FBD7-ADA6-4ABC-87C5-2B2541F9DCEE}.Release|x86.Build.0 = Release|Win32
		{0C103574-71C8-4A93-83B9-4B1A0BCC8D86}.Debug|x64.ActiveCfg = Debug|x64
		{0C103574-71C8-4A93-83B9-4B1A0BCC8D86}.Debug|x64.Build.0 = Debug|x64
		{0C103574-71C8-4A93-83B9-4B1A0BCC8D86}.Debug|x86.ActiveCfg = Debug|Win32
		{0C103574-71C8-4A93-83B9-4B1A0BCC8D86}.Debug|x86.Build.0 = Debug|Win32
		{0C103574-71C8-4A93-83B9-4B1A0BCC8D86}.Release|x64.ActiveCfg = Release|x64
		{0C103574-71C8-4A93-83B9-4B1A0BCC8D86}.Release|x64.Build.0 = Release|x64
		{0C103574-71C8-4A93-83B9-4B1A0BCC8D86}.Release|x86.ActiveCfg = Release|Win32
		{0C103574-71C8-4A93-83B9-4B1A0BCC8D86}.Release|x86.Build.0 = Release|Win32
		{92DAB560-86BA-4036-999A-0A19B23B6294}.Debug|x64.ActiveCfg = Debug|x64
		{92DAB560-86BA-4036-999A-0A19B23B6294}.Debug|x64.Build.0 = Debug|x64
		{92DAB560-86BA-4036-999A-0A19B23B6294}.Debug|x86.ActiveCfg = Debug|Win32
		{92DAB560-86BA-4036-999A-0A19B23B6294}.Debug|x86.Build.0 = Debug|Win32
		{92DAB560-86BA-4036-999A-0A19B23B6294}.Release|x64.ActiveCfg = Release|x64
		{92DAB560-86BA-4036-999A-0A19B23B6294}.Release|x64.Build.0 = Release|x64
		{92DAB560-86BA-4036-999A-0A19B23B6294}.Release|x86.ActiveCfg = Release|Win32
		{92DAB560-86BA-4036-999A-0A19B23B6294}.Release|x86.Build.0 = Release|Win32
		{ADC7211E-3D8A-42CE-B07A-7F5310C1AC55}.Debug|x64.ActiveCfg = Debug|x64
		{ADC7211E-3D8A-42CE-B07A-7F5310C1AC55}.Debug|x64.Build.0 = Debug|x64
		{ADC7211E-3D8A-42CE-B07A-7F5310C1AC55}.Debug|x86.ActiveCfg = Debug|Win32
		{ADC7211E-3D8A-42CE-B07A-7F5310C1AC55}.Debug|x86.Build.0 = Debug|Win32
		{ADC7211E-3D8A-42CE-B07A-7F5310C1AC55}.Release|x64.ActiveCfg = Release|x64
		{ADC7211E-3D8A-42CE-B07A-7F5310C1AC55}.Release|x64.Build.0 = Release|x64
		{ADC7211E-3D8A-42CE-B07A-7F5310C1AC55}.Release|x86.ActiveCfg = Release|Win32
		{ADC7211E-3D8A-42CE-B07A-7F5310C1AC55}.Release|x86.Build.0 = Release|Win32
	EndGlobalSection
	GlobalSection(SolutionProperties) = preSolution
		HideSolutionNode = FALSE
	EndGlobalSection
	GlobalSection(NestedProjects) = preSolution
		{C766B758-6ADB-49C0-A13A-A374E26274E8} = {9E6AEE40-28AB-4291-899F-A40CC395B6BD}
		{AF4766D8-1E32-4088-8F38-5CA2B4449364} = {9E6AEE40-28AB-4291-899F-A40CC395B6BD}
		{F2DD992A-BA4E-4C12-94FC-7E6A961695E9} = {9E6AEE40-28AB-4291-899F-A40CC395B6BD}
		{1753C8D7-BD02-4455-8929-6F27640E45F7} = {9E6AEE40-28AB-4291-899F-A40CC395B6BD}
		{3CFF0225-B3B1-4237-A3C6-4D3597DF217C} = {9E6AEE40-28AB-4291-899F-A40CC395B6BD}
		{B6125ECF-B059-479E-9302-2753A7851F1A} = {9E6AEE40-28AB-4291-899F-A40CC395B6BD}
		{74780340-CCD8-436C-9B2D-DB704645DE97} = {9E6AEE40-28AB-4291-899F-A40CC395B6BD}
		{48C327D5-73C5-45D1-8E12-F91E2C75D189} = {9E6AEE40-28AB-4291-899F-A40CC395B6BD}
		{9BA2DA97-63AC-43E9-BAA8-7119E9116EAE} = {9E6AEE40-28AB-4291-899F-A40CC395B6BD}
		{E6CE1A38-F6DC-49D0-86C4-5151F81807E4} = {9E6AEE40-28AB-4291-899F-A40CC395B6BD}
		{0C103574-71C8-4A93-83B9-4B1A0BCC8D86} = {9E6AEE40-28AB-4291-899F-A40CC395B6BD}
		{92DAB560-86BA-4036-999A-0A19B23B6294} = {9E6AEE40-28AB-4291-899F-A40CC395B6BD}
		{ADC7211E-3D8A-42CE-B07A-7F5310C1AC55} = {9E6AEE40-28AB-4291-899F-A40CC395B6BD}
	EndGlobalSection
	GlobalSection(ExtensibilityGlobals) = postSolution
		SolutionGuid = {69AB0795-893D-4C47-BB22-CD2B7C7C3538}
	EndGlobalSection
EndGlobal
